
Microsoft Visual Studio Solution File, Format Version 12.00
# Visual Studio 15
VisualStudioVersion = 15.0.27428.2043
MinimumVisualStudioVersion = 10.0.40219.1
Project("{8BC9CEB8-8B4A-11D0-8D11-00A0C91BC942}") = "QuSim", "QuSim\QuSim.vcxproj", "{A9622653-D042-47BB-96D6-30AAAE17D219}"
EndProject
Project("{8BC9CEB8-8B4A-11D0-8D11-00A0C91BC942}") = "QuSimTest", "QuSimTest\QuSimTest.vcxproj", "{9F3E805E-2EDF-4033-AFF3-7673A80C4C14}"
EndProject
Project("{8BC9CEB8-8B4A-11D0-8D11-00A0C91BC942}") = "QuSim2D", "QuSim2D\QuSim2D.vcxproj", "{0B375AAD-830B-4E0F-9915-319223B75916}"
EndProject
Project("{8BC9CEB8-8B4A-11D0-8D11-00A0C91BC942}") = "QuSimBenchmark", "QuSimBenchmark\QuSimBenchmark.vcxproj", "{87A63853-3D4D-4961-AFE1-35AF486E1EFF}"
EndProject
Project("{8BC9CEB8-8B4A-11D0-8D11-00A0C91BC942}") = "QuSimCore", "QuSimCore\QuSimCore.vcxproj", "{3A4B2681-4236-4A8A-9891-D7D3937F8648}"
EndProject
Project("{8BC9CEB8-8B4A-11D0-8D11-00A0C91BC942}") = "QuSimPrecision", "QuSimPrecision\QuSimPrecision.vcxproj", "{F7624FE8-0DE0-44AA-AA89-FC696CA5CB8E}"
EndProject
Project("{8BC9CEB8-8B4A-11D0-8D11-00A0C91BC942}") = "QuSolver", "QuSolver\QuSolver.vcxproj", "{1F23587F-506E-4522-9979-BFAE9EE90E85}"
EndProject
Project("{8BC9CEB8-8B4A-11D0-8D11-00A0C91BC942}") = "QuSolverPrecision", "QuSolverPrecision\QuSolverPrecision.vcxproj", "{857D3DC3-EDB8-4215-A355-E52A860AE7F0}"
EndProject
Global
	GlobalSection(SolutionConfigurationPlatforms) = preSolution
		Debug|x64 = Debug|x64
		Debug|x86 = Debug|x86
		Release|x64 = Release|x64
		Release|x86 = Release|x86
	EndGlobalSection
	GlobalSection(ProjectConfigurationPlatforms) = postSolution
		{A9622653-D042-47BB-96D6-30AAAE17D219}.Debug|x64.ActiveCfg = Debug|x64
		{A9622653-D042-47BB-96D6-30AAAE17D219}.Debug|x64.Build.0 = Debug|x64
		{A9622653-D042-47BB-96D6-30AAAE17D219}.Debug|x86.ActiveCfg = Debug|x64
		{A9622653-D042-47BB-96D6-30AAAE17D219}.Debug|x86.Build.0 = Debug|x64
		{A9622653-D042-47BB-96D6-30AAAE17D219}.Release|x64.ActiveCfg = Release|x64
		{A9622653-D042-47BB-96D6-30AAAE17D219}.Release|x64.Build.0 = Release|x64
		{A9622653-D042-47BB-96D6-30AAAE17D219}.Release|x86.ActiveCfg = Release|x64
		{A9622653-D042-47BB-96D6-30AAAE17D219}.Release|x86.Build.0 = Release|x64
		{9F3E805E-2EDF-4033-AFF3-7673A80C4C14}.Debug|x64.ActiveCfg = Debug|x64
		{9F3E805E-2EDF-4033-AFF3-7673A80C4C14}.Debug|x64.Build.0 = Debug|x64
		{9F3E805E-2EDF-4033-AFF3-7673A80C4C14}.Debug|x86.ActiveCfg = Debug|x64
		{9F3E805E-2EDF-4033-AFF3-7673A80C4C14}.Debug|x86.Build.0 = Debug|x64
		{9F3E805E-2EDF-4033-AFF3-7673A80C4C14}.Release|x64.ActiveCfg = Release|x64
		{9F3E805E-2EDF-4033-AFF3-7673A80C4C14}.Release|x64.Build.0 = Release|x64
		{9F3E805E-2EDF-4033-AFF3-7673A80C4C14}.Release|x86.ActiveCfg = Release|x64
		{9F3E805E-2EDF-4033-AFF3-7673A80C4C14}.Release|x86.Build.0 = Release|x64
		{0B375AAD-830B-4E0F-9915-319223B75916}.Debug|x64.ActiveCfg = Debug|x64
		{0B375AAD-830B-4E0F-9915-319223B75916}.Debug|x64.Build.0 = Debug|x64
		{0B375AAD-830B-4E0F-9915-319223B75916}.Debug|x86.ActiveCfg = Debug|x64
		{0B375AAD-830B-4E0F-9915-319223B75916}.Debug|x86.Build.0 = Debug|x64
		{0B375AAD-830B-4E0F-9915-319223B75916}.Release|x64.ActiveCfg = Release|x64
		{0B375AAD-830B-4E0F-9915-319223B75916}.Release|x64.Build.0 = Release|x64
		{0B375AAD-830B-4E0F-9915-319223B75916}.Release|x86.ActiveCfg = Release|x64
		{0B375AAD-830B-4E0F-9915-319223B75916}.Release|x86.Build.0 = Release|x64
		{87A63853-3D4D-4961-AFE1-35AF486E1EFF}.Debug|x64.ActiveCfg = Debug|x64
		{87A63853-3D4D-4961-AFE1-35AF486E1EFF}.Debug|x64.Build.0 = Debug|x64
		{87A63853-3D4D-4961-AFE1-35AF486E1EFF}.Debug|x86.ActiveCfg = Debug|x64
		{87A63853-3D4D-4961-AFE1-35AF486E1EFF}.Debug|x86.Build.0 = Debug|x64
		{87A63853-3D4D-4961-AFE1-35AF486E1EFF}.Release|x64.ActiveCfg = Release|x64
		{87A63853-3D4D-4961-AFE1-35AF486E1EFF}.Release|x64.Build.0 = Release|x64
		{87A63853-3D4D-4961-AFE1-35AF486E1EFF}.Release|x86.ActiveCfg = Release|x64
		{87A63853-3D4D-4961-AFE1-35AF486E1EFF}.Release|x86.Build.0 = Release|x64
		{3A4B2681-4236-4A8A-9891-D7D3937F8648}.Debug|x64.ActiveCfg = Debug|x64
		{3A4B2681-4236-4A8A-9891-D7D3937F8648}.Debug|x64.Build.0 = Debug|x64
		{3A4B2681-4236-4A8A-9891-D7D3937F8648}.Debug|x86.ActiveCfg = Debug|x64
		{3A4B2681-4236-4A8A-9891-D7D3937F8648}.Debug|x86.Build.0 = Debug|x64
		{3A4B2681-4236-4A8A-9891-D7D3937F8648}.Release|x64.ActiveCfg = Release|x64
		{3A4B2681-4236-4A8A-9891-D7D3937F8648}.Release|x64.Build.0 = Release|x64
		{3A4B2681-4236-4A8A-9891-D7D3937F8648}.Release|x86.ActiveCfg = Release|x64
		{3A4B2681-4236-4A8A-9891-D7D3937F8648}.Release|x86.Build.0 = Release|x64
		{F7624FE8-0DE0-44AA-AA89-FC696CA5CB8E}.Debug|x64.ActiveCfg = Debug|x64
		{F7624FE8-0DE0-44AA-AA89-FC696CA5CB8E}.Debug|x64.Build.0 = Debug|x64
		{F7624FE8-0DE0-44AA-AA89-FC696CA5CB8E}.Debug|x86.ActiveCfg = Debug|Win32
		{F7624FE8-0DE0-44AA-AA89-FC696CA5CB8E}.Debug|x86.Build.0 = Debug|Win32
		{F7624FE8-0DE0-44AA-AA89-FC696CA5CB8E}.Release|x64.ActiveCfg = Release|x64
		{F7624FE8-0DE0-44AA-AA89-FC696CA5CB8E}.Release|x64.Build.0 = Release|x64
		{F7624FE8-0DE0-44AA-AA89-FC696CA5CB8E}.Release|x86.ActiveCfg = Release|Win32
		{F7624FE8-0DE0-44AA-AA89-FC696CA5CB8E}.Release|x86.Build.0 = Release|Win32
		{1F23587F-506E-4522-9979-BFAE9EE90E85}.Debug|x64.ActiveCfg = Debug|x64
		{1F23587F-506E-4522-9979-BFAE9EE90E85}.Debug|x64.Build.0 = Debug|x64
		{1F23587F-506E-4522-9979-BFAE9EE90E85}.Debug|x86.ActiveCfg = Debug|Win32
		{1F23587F-506E-4522-9979-BFAE9EE90E85}.Debug|x86.Build.0 = Debug|Win32
		{1F23587F-506E-4522-9979-BFAE9EE90E85}.Release|x64.ActiveCfg = Release|x64
		{1F23587F-506E-4522-9979-BFAE9EE90E85}.Release|x64.Build.0 = Release|x64
		{1F23587F-506E-4522-9979-BFAE9EE90E85}.Release|x86.ActiveCfg = Release|Win32
		{1F23587F-506E-4522-9979-BFAE9EE90E85}.Release|x86.Build.0 = Release|Win32
		{857D3DC3-EDB8-4215-A355-E52A860AE7F0}.Debug|x64.ActiveCfg = Debug|x64
		{857D3DC3-EDB8-4215-A355-E52A860AE7F0}.Debug|x64.Build.0 = Debug|x64
		{857D3DC3-EDB8-4215-A355-E52A860AE7F0}.Debug|x86.ActiveCfg = Debug|Win32
		{857D3DC3-EDB8-4215-A355-E52A860AE7F0}.Debug|x86.Build.0 = Debug|Win32
		{857D3DC3-EDB8-4215-A355-E52A860AE7F0}.Release|x64.ActiveCfg = Release|x64
		{857D3DC3-EDB8-4215-A355-E52A860AE7F0}.Release|x64.Build.0 = Release|x64
		{857D3DC3-EDB8-4215-A355-E52A860AE7F0}.Release|x86.ActiveCfg = Release|Win32
		{857D3DC3-EDB8-4215-A355-E52A860AE7F0}.Release|x86.Build.0 = Release|Win32
	EndGlobalSection
	GlobalSection(SolutionProperties) = preSolution
		HideSolutionNode = FALSE
	EndGlobalSection
	GlobalSection(ExtensibilityGlobals) = postSolution
		SolutionGuid = {E4816488-289F-452F-8235-1F739ABC70E3}
	EndGlobalSection
EndGlobal
