
Microsoft Visual Studio Solution File, Format Version 12.00
# Visual Studio 15
VisualStudioVersion = 15.0.27428.2043
MinimumVisualStudioVersion = 10.0.40219.1
Project("{8BC9CEB8-8B4A-11D0-8D11-00A0C91BC942}") = "QuEvol1D", "QuEvol1D\QuEvol1D.vcxproj", "{A9622653-D042-47BB-96D6-30AAAE17D219}"
EndProject
Project("{8BC9CEB8-8B4A-11D0-8D11-00A0C91BC942}") = "QuSimTest", "QuSimTest\QuSimTest.vcxproj", "{9F3E805E-2EDF-4033-AFF3-7673A80C4C14}"
EndProject
Project("{8BC9CEB8-8B4A-11D0-8D11-00A0C91BC942}") = "QuEvol2D", "QuEvol2D\QuEvol2D.vcxproj", "{0B375AAD-830B-4E0F-9915-319223B75916}"
EndProject
Project("{8BC9CEB8-8B4A-11D0-8D11-00A0C91BC942}") = "QuEvol1DBenchmark", "QuEvol1DBenchmark\QuEvol1DBenchmark.vcxproj", "{87A63853-3D4D-4961-AFE1-35AF486E1EFF}"
EndProject
Project("{8BC9CEB8-8B4A-11D0-8D11-00A0C91BC942}") = "QuSimCore", "QuSimCore\QuSimCore.vcxproj", "{3A4B2681-4236-4A8A-9891-D7D3937F8648}"
	ProjectSection(ProjectDependencies) = postProject
		{0FAC6007-A0A7-4C30-9B38-1503CF9DE5CE} = {0FAC6007-A0A7-4C30-9B38-1503CF9DE5CE}
	EndProjectSection
EndProject
Project("{8BC9CEB8-8B4A-11D0-8D11-00A0C91BC942}") = "QuEvol1DPrecision", "QuEvol1DPrecision\QuEvol1DPrecision.vcxproj", "{F7624FE8-0DE0-44AA-AA89-FC696CA5CB8E}"
EndProject
Project("{8BC9CEB8-8B4A-11D0-8D11-00A0C91BC942}") = "QuSolver1D", "QuSolver1D\QuSolver1D.vcxproj", "{1F23587F-506E-4522-9979-BFAE9EE90E85}"
EndProject
Project("{8BC9CEB8-8B4A-11D0-8D11-00A0C91BC942}") = "QuSolver1DPrecision", "QuSolver1DPrecision\QuSolver1DPrecision.vcxproj", "{857D3DC3-EDB8-4215-A355-E52A860AE7F0}"
EndProject
Project("{8BC9CEB8-8B4A-11D0-8D11-00A0C91BC942}") = "QuSolver1DBenchmark", "QuSolver1DBenchmark\QuSolver1DBenchmark.vcxproj", "{664E1133-D1E6-45B6-84B3-DDBD864B817A}"
EndProject
Project("{8BC9CEB8-8B4A-11D0-8D11-00A0C91BC942}") = "QuEvol2DBenchmark", "QuEvol2DBenchmark\QuEvol2DBenchmark.vcxproj", "{CF2866F2-A37A-4A5B-95EA-837B48EB6786}"
EndProject
Project("{8BC9CEB8-8B4A-11D0-8D11-00A0C91BC942}") = "CudaUtility", "CudaUtility\CudaUtility.vcxproj", "{0FAC6007-A0A7-4C30-9B38-1503CF9DE5CE}"
EndProject
Project("{8BC9CEB8-8B4A-11D0-8D11-00A0C91BC942}") = "libfftw-3.3", "fftw-3.3.2\fftw-3.3-libs\libfftw-3.3\libfftw-3.3.vcxproj", "{EA3DCC95-2423-4EA0-A508-7A427B4C0594}"
EndProject
Global
	GlobalSection(SolutionConfigurationPlatforms) = preSolution
		Debug|x64 = Debug|x64
		DebugCUDA|x64 = DebugCUDA|x64
		Release|x64 = Release|x64
		ReleaseCUDA|x64 = ReleaseCUDA|x64
	EndGlobalSection
	GlobalSection(ProjectConfigurationPlatforms) = postSolution
		{A9622653-D042-47BB-96D6-30AAAE17D219}.Debug|x64.ActiveCfg = Debug|x64
		{A9622653-D042-47BB-96D6-30AAAE17D219}.Debug|x64.Build.0 = Debug|x64
		{A9622653-D042-47BB-96D6-30AAAE17D219}.DebugCUDA|x64.ActiveCfg = DebugCUDA|x64
		{A9622653-D042-47BB-96D6-30AAAE17D219}.DebugCUDA|x64.Build.0 = DebugCUDA|x64
		{A9622653-D042-47BB-96D6-30AAAE17D219}.Release|x64.ActiveCfg = Release|x64
		{A9622653-D042-47BB-96D6-30AAAE17D219}.Release|x64.Build.0 = Release|x64
		{A9622653-D042-47BB-96D6-30AAAE17D219}.ReleaseCUDA|x64.ActiveCfg = ReleaseCUDA|x64
		{A9622653-D042-47BB-96D6-30AAAE17D219}.ReleaseCUDA|x64.Build.0 = ReleaseCUDA|x64
		{9F3E805E-2EDF-4033-AFF3-7673A80C4C14}.Debug|x64.ActiveCfg = Debug|x64
		{9F3E805E-2EDF-4033-AFF3-7673A80C4C14}.Debug|x64.Build.0 = Debug|x64
		{9F3E805E-2EDF-4033-AFF3-7673A80C4C14}.DebugCUDA|x64.ActiveCfg = DebugCUDA|x64
		{9F3E805E-2EDF-4033-AFF3-7673A80C4C14}.DebugCUDA|x64.Build.0 = DebugCUDA|x64
		{9F3E805E-2EDF-4033-AFF3-7673A80C4C14}.Release|x64.ActiveCfg = Release|x64
		{9F3E805E-2EDF-4033-AFF3-7673A80C4C14}.Release|x64.Build.0 = Release|x64
		{9F3E805E-2EDF-4033-AFF3-7673A80C4C14}.ReleaseCUDA|x64.ActiveCfg = ReleaseCUDA|x64
		{9F3E805E-2EDF-4033-AFF3-7673A80C4C14}.ReleaseCUDA|x64.Build.0 = ReleaseCUDA|x64
		{0B375AAD-830B-4E0F-9915-319223B75916}.Debug|x64.ActiveCfg = Debug|x64
		{0B375AAD-830B-4E0F-9915-319223B75916}.Debug|x64.Build.0 = Debug|x64
		{0B375AAD-830B-4E0F-9915-319223B75916}.DebugCUDA|x64.ActiveCfg = DebugCUDA|x64
		{0B375AAD-830B-4E0F-9915-319223B75916}.DebugCUDA|x64.Build.0 = DebugCUDA|x64
		{0B375AAD-830B-4E0F-9915-319223B75916}.Release|x64.ActiveCfg = Release|x64
		{0B375AAD-830B-4E0F-9915-319223B75916}.Release|x64.Build.0 = Release|x64
		{0B375AAD-830B-4E0F-9915-319223B75916}.ReleaseCUDA|x64.ActiveCfg = ReleaseCUDA|x64
		{0B375AAD-830B-4E0F-9915-319223B75916}.ReleaseCUDA|x64.Build.0 = ReleaseCUDA|x64
		{87A63853-3D4D-4961-AFE1-35AF486E1EFF}.Debug|x64.ActiveCfg = Debug|x64
		{87A63853-3D4D-4961-AFE1-35AF486E1EFF}.Debug|x64.Build.0 = Debug|x64
		{87A63853-3D4D-4961-AFE1-35AF486E1EFF}.DebugCUDA|x64.ActiveCfg = DebugCUDA|x64
		{87A63853-3D4D-4961-AFE1-35AF486E1EFF}.DebugCUDA|x64.Build.0 = DebugCUDA|x64
		{87A63853-3D4D-4961-AFE1-35AF486E1EFF}.Release|x64.ActiveCfg = Release|x64
		{87A63853-3D4D-4961-AFE1-35AF486E1EFF}.Release|x64.Build.0 = Release|x64
		{87A63853-3D4D-4961-AFE1-35AF486E1EFF}.ReleaseCUDA|x64.ActiveCfg = ReleaseCUDA|x64
		{87A63853-3D4D-4961-AFE1-35AF486E1EFF}.ReleaseCUDA|x64.Build.0 = ReleaseCUDA|x64
		{3A4B2681-4236-4A8A-9891-D7D3937F8648}.Debug|x64.ActiveCfg = Debug|x64
		{3A4B2681-4236-4A8A-9891-D7D3937F8648}.Debug|x64.Build.0 = Debug|x64
		{3A4B2681-4236-4A8A-9891-D7D3937F8648}.DebugCUDA|x64.ActiveCfg = DebugCUDA|x64
		{3A4B2681-4236-4A8A-9891-D7D3937F8648}.DebugCUDA|x64.Build.0 = DebugCUDA|x64
		{3A4B2681-4236-4A8A-9891-D7D3937F8648}.Release|x64.ActiveCfg = Release|x64
		{3A4B2681-4236-4A8A-9891-D7D3937F8648}.Release|x64.Build.0 = Release|x64
		{3A4B2681-4236-4A8A-9891-D7D3937F8648}.ReleaseCUDA|x64.ActiveCfg = ReleaseCUDA|x64
		{3A4B2681-4236-4A8A-9891-D7D3937F8648}.ReleaseCUDA|x64.Build.0 = ReleaseCUDA|x64
		{F7624FE8-0DE0-44AA-AA89-FC696CA5CB8E}.Debug|x64.ActiveCfg = Debug|x64
		{F7624FE8-0DE0-44AA-AA89-FC696CA5CB8E}.Debug|x64.Build.0 = Debug|x64
		{F7624FE8-0DE0-44AA-AA89-FC696CA5CB8E}.DebugCUDA|x64.ActiveCfg = DebugCUDA|x64
		{F7624FE8-0DE0-44AA-AA89-FC696CA5CB8E}.DebugCUDA|x64.Build.0 = DebugCUDA|x64
		{F7624FE8-0DE0-44AA-AA89-FC696CA5CB8E}.Release|x64.ActiveCfg = Release|x64
		{F7624FE8-0DE0-44AA-AA89-FC696CA5CB8E}.Release|x64.Build.0 = Release|x64
		{F7624FE8-0DE0-44AA-AA89-FC696CA5CB8E}.ReleaseCUDA|x64.ActiveCfg = ReleaseCUDA|x64
		{F7624FE8-0DE0-44AA-AA89-FC696CA5CB8E}.ReleaseCUDA|x64.Build.0 = ReleaseCUDA|x64
		{1F23587F-506E-4522-9979-BFAE9EE90E85}.Debug|x64.ActiveCfg = Debug|x64
		{1F23587F-506E-4522-9979-BFAE9EE90E85}.Debug|x64.Build.0 = Debug|x64
		{1F23587F-506E-4522-9979-BFAE9EE90E85}.DebugCUDA|x64.ActiveCfg = DebugCUDA|x64
		{1F23587F-506E-4522-9979-BFAE9EE90E85}.DebugCUDA|x64.Build.0 = DebugCUDA|x64
		{1F23587F-506E-4522-9979-BFAE9EE90E85}.Release|x64.ActiveCfg = Release|x64
		{1F23587F-506E-4522-9979-BFAE9EE90E85}.Release|x64.Build.0 = Release|x64
		{1F23587F-506E-4522-9979-BFAE9EE90E85}.ReleaseCUDA|x64.ActiveCfg = ReleaseCUDA|x64
		{1F23587F-506E-4522-9979-BFAE9EE90E85}.ReleaseCUDA|x64.Build.0 = ReleaseCUDA|x64
		{857D3DC3-EDB8-4215-A355-E52A860AE7F0}.Debug|x64.ActiveCfg = Debug|x64
		{857D3DC3-EDB8-4215-A355-E52A860AE7F0}.Debug|x64.Build.0 = Debug|x64
		{857D3DC3-EDB8-4215-A355-E52A860AE7F0}.DebugCUDA|x64.ActiveCfg = DebugCUDA|x64
		{857D3DC3-EDB8-4215-A355-E52A860AE7F0}.DebugCUDA|x64.Build.0 = DebugCUDA|x64
		{857D3DC3-EDB8-4215-A355-E52A860AE7F0}.Release|x64.ActiveCfg = Release|x64
		{857D3DC3-EDB8-4215-A355-E52A860AE7F0}.Release|x64.Build.0 = Release|x64
		{857D3DC3-EDB8-4215-A355-E52A860AE7F0}.ReleaseCUDA|x64.ActiveCfg = ReleaseCUDA|x64
		{857D3DC3-EDB8-4215-A355-E52A860AE7F0}.ReleaseCUDA|x64.Build.0 = ReleaseCUDA|x64
		{664E1133-D1E6-45B6-84B3-DDBD864B817A}.Debug|x64.ActiveCfg = Debug|x64
		{664E1133-D1E6-45B6-84B3-DDBD864B817A}.Debug|x64.Build.0 = Debug|x64
		{664E1133-D1E6-45B6-84B3-DDBD864B817A}.DebugCUDA|x64.ActiveCfg = DebugCUDA|x64
		{664E1133-D1E6-45B6-84B3-DDBD864B817A}.DebugCUDA|x64.Build.0 = DebugCUDA|x64
		{664E1133-D1E6-45B6-84B3-DDBD864B817A}.Release|x64.ActiveCfg = Release|x64
		{664E1133-D1E6-45B6-84B3-DDBD864B817A}.Release|x64.Build.0 = Release|x64
		{664E1133-D1E6-45B6-84B3-DDBD864B817A}.ReleaseCUDA|x64.ActiveCfg = ReleaseCUDA|x64
		{664E1133-D1E6-45B6-84B3-DDBD864B817A}.ReleaseCUDA|x64.Build.0 = ReleaseCUDA|x64
		{CF2866F2-A37A-4A5B-95EA-837B48EB6786}.Debug|x64.ActiveCfg = Debug|x64
		{CF2866F2-A37A-4A5B-95EA-837B48EB6786}.Debug|x64.Build.0 = Debug|x64
		{CF2866F2-A37A-4A5B-95EA-837B48EB6786}.DebugCUDA|x64.ActiveCfg = DebugCUDA|x64
		{CF2866F2-A37A-4A5B-95EA-837B48EB6786}.DebugCUDA|x64.Build.0 = DebugCUDA|x64
		{CF2866F2-A37A-4A5B-95EA-837B48EB6786}.Release|x64.ActiveCfg = Release|x64
		{CF2866F2-A37A-4A5B-95EA-837B48EB6786}.Release|x64.Build.0 = Release|x64
		{CF2866F2-A37A-4A5B-95EA-837B48EB6786}.ReleaseCUDA|x64.ActiveCfg = ReleaseCUDA|x64
		{CF2866F2-A37A-4A5B-95EA-837B48EB6786}.ReleaseCUDA|x64.Build.0 = ReleaseCUDA|x64
		{0FAC6007-A0A7-4C30-9B38-1503CF9DE5CE}.Debug|x64.ActiveCfg = Debug|x64
		{0FAC6007-A0A7-4C30-9B38-1503CF9DE5CE}.DebugCUDA|x64.ActiveCfg = DebugCUDA|x64
		{0FAC6007-A0A7-4C30-9B38-1503CF9DE5CE}.DebugCUDA|x64.Build.0 = DebugCUDA|x64
		{0FAC6007-A0A7-4C30-9B38-1503CF9DE5CE}.Release|x64.ActiveCfg = Release|x64
		{0FAC6007-A0A7-4C30-9B38-1503CF9DE5CE}.ReleaseCUDA|x64.ActiveCfg = ReleaseCUDA|x64
		{0FAC6007-A0A7-4C30-9B38-1503CF9DE5CE}.ReleaseCUDA|x64.Build.0 = ReleaseCUDA|x64
		{EA3DCC95-2423-4EA0-A508-7A427B4C0594}.Debug|x64.ActiveCfg = Debug|x64
		{EA3DCC95-2423-4EA0-A508-7A427B4C0594}.Debug|x64.Build.0 = Debug|x64
		{EA3DCC95-2423-4EA0-A508-7A427B4C0594}.DebugCUDA|x64.ActiveCfg = DebugCUDA|x64
		{EA3DCC95-2423-4EA0-A508-7A427B4C0594}.DebugCUDA|x64.Build.0 = DebugCUDA|x64
		{EA3DCC95-2423-4EA0-A508-7A427B4C0594}.Release|x64.ActiveCfg = Release|x64
		{EA3DCC95-2423-4EA0-A508-7A427B4C0594}.Release|x64.Build.0 = Release|x64
		{EA3DCC95-2423-4EA0-A508-7A427B4C0594}.ReleaseCUDA|x64.ActiveCfg = ReleaseCUDA|x64
		{EA3DCC95-2423-4EA0-A508-7A427B4C0594}.ReleaseCUDA|x64.Build.0 = ReleaseCUDA|x64
	EndGlobalSection
	GlobalSection(SolutionProperties) = preSolution
		HideSolutionNode = FALSE
	EndGlobalSection
	GlobalSection(ExtensibilityGlobals) = postSolution
		SolutionGuid = {E4816488-289F-452F-8235-1F739ABC70E3}
	EndGlobalSection
EndGlobal
