<?xml version="1.0" encoding="utf-8"?>
<Project ToolsVersion="4.0" xmlns="http://schemas.microsoft.com/developer/msbuild/2003">
  <ItemGroup>
    <Filter Include="源文件">
      <UniqueIdentifier>{4FC737F1-C7A5-4376-A066-2A32D752A2FF}</UniqueIdentifier>
      <Extensions>cpp;c;cc;cxx;def;odl;idl;hpj;bat;asm;asmx</Extensions>
    </Filter>
    <Filter Include="头文件">
      <UniqueIdentifier>{93995380-89BD-4b04-88EB-625FBE52EBFB}</UniqueIdentifier>
      <Extensions>h;hh;hpp;hxx;hm;inl;inc;ipp;xsd</Extensions>
    </Filter>
    <Filter Include="资源文件">
      <UniqueIdentifier>{67DA6AB6-F800-4c08-8B7A-83BB121AAD01}</UniqueIdentifier>
      <Extensions>rc;ico;cur;bmp;dlg;rc2;rct;bin;rgs;gif;jpg;jpeg;jpe;resx;tiff;tif;png;wav;mfcribbon-ms</Extensions>
    </Filter>
    <Filter Include="源文件\CUDA">
      <UniqueIdentifier>{96f08599-235e-4570-93c8-e92a33cab2ee}</UniqueIdentifier>
    </Filter>
  </ItemGroup>
  <ItemGroup>
    <None Include="ClassDiagram.cd" />
  </ItemGroup>
  <ItemGroup>
    <ClInclude Include="..\..\src\Cal.h">
      <Filter>头文件</Filter>
    </ClInclude>
    <ClInclude Include="..\..\src\ComplexPotentialIVPSolver1DImpl.h">
      <Filter>头文件</Filter>
    </ClInclude>
    <ClInclude Include="..\..\src\cudaFFT.h">
      <Filter>头文件</Filter>
    </ClInclude>
    <ClInclude Include="..\..\src\CudaUtility.h">
      <Filter>头文件</Filter>
    </ClInclude>
    <ClInclude Include="..\..\src\Dump.h">
      <Filter>头文件</Filter>
    </ClInclude>
    <ClInclude Include="..\..\src\EigenMethod.h">
      <Filter>头文件</Filter>
    </ClInclude>
    <ClInclude Include="..\..\src\EvolverImpl.h">
      <Filter>头文件</Filter>
    </ClInclude>
    <ClInclude Include="..\..\src\FourierTransform.h">
      <Filter>头文件</Filter>
    </ClInclude>
    <ClInclude Include="..\..\src\FourierTransformOptions.h">
      <Filter>头文件</Filter>
    </ClInclude>
    <ClInclude Include="..\..\src\GaussLegendreMethod1D.h">
      <Filter>头文件</Filter>
    </ClInclude>
    <ClInclude Include="..\..\src\GaussLegendreMethod2D.h">
      <Filter>头文件</Filter>
    </ClInclude>
    <ClInclude Include="..\..\src\IVPSolverImpl.h">
      <Filter>头文件</Filter>
    </ClInclude>
    <ClInclude Include="..\..\src\kissfft.hh">
      <Filter>头文件</Filter>
    </ClInclude>
    <ClInclude Include="..\..\src\Linear.h">
      <Filter>头文件</Filter>
    </ClInclude>
    <ClInclude Include="..\..\src\Matrix2.h">
      <Filter>头文件</Filter>
    </ClInclude>
    <ClInclude Include="..\..\src\MatrixSolver.h">
      <Filter>头文件</Filter>
    </ClInclude>
    <ClInclude Include="..\..\src\OptionsImpl.h">
      <Filter>头文件</Filter>
    </ClInclude>
    <ClInclude Include="..\..\src\Perburbation.h">
      <Filter>头文件</Filter>
    </ClInclude>
    <ClInclude Include="..\..\src\Perturbation1DImpl.h">
      <Filter>头文件</Filter>
    </ClInclude>
    <ClInclude Include="..\..\src\Perturbation2DImpl.h">
      <Filter>头文件</Filter>
    </ClInclude>
    <ClInclude Include="..\..\src\Perturbation3DImpl.h">
      <Filter>头文件</Filter>
    </ClInclude>
    <ClInclude Include="..\..\src\PerturbationOptions.h">
      <Filter>头文件</Filter>
    </ClInclude>
    <ClInclude Include="..\..\src\ScatteringProblemSolverInverseMatrix1D.h">
      <Filter>头文件</Filter>
    </ClInclude>
    <ClInclude Include="..\..\src\ScatteringProblemSolverInverseMatrix2D.h">
      <Filter>头文件</Filter>
    </ClInclude>
    <ClInclude Include="..\..\src\ScatteringProblemSolverInverseMatrix3D.h">
      <Filter>头文件</Filter>
    </ClInclude>
    <ClInclude Include="..\..\src\ScatteringSolverImpl.h">
      <Filter>头文件</Filter>
    </ClInclude>
    <ClInclude Include="..\..\src\SolverImpl.h">
      <Filter>头文件</Filter>
    </ClInclude>
    <ClInclude Include="..\..\src\SolverMainLoop.h">
      <Filter>头文件</Filter>
    </ClInclude>
    <ClInclude Include="..\..\src\SplittingMethod1D.h">
      <Filter>头文件</Filter>
    </ClInclude>
    <ClInclude Include="..\..\src\SplittingMethod1DCUDA.h">
      <Filter>头文件</Filter>
    </ClInclude>
    <ClInclude Include="..\..\src\SplittingMethod2D.h">
      <Filter>头文件</Filter>
    </ClInclude>
    <ClInclude Include="..\..\src\SplittingMethod2DCUDA.h">
      <Filter>头文件</Filter>
    </ClInclude>
    <ClInclude Include="..\..\src\SplittingMethodGeneralCUDA.h">
      <Filter>头文件</Filter>
    </ClInclude>
    <ClInclude Include="..\..\src\View.h">
      <Filter>头文件</Filter>
    </ClInclude>
  </ItemGroup>
  <ItemGroup>
    <ClCompile Include="..\..\src\SplittingMethod1DCUDA.cpp">
      <Filter>源文件\CUDA</Filter>
    </ClCompile>
    <ClCompile Include="..\..\src\SplittingMethod2DCUDA.cpp">
      <Filter>源文件\CUDA</Filter>
    </ClCompile>
    <ClCompile Include="..\..\src\Cal.cpp">
      <Filter>源文件</Filter>
    </ClCompile>
    <ClCompile Include="..\..\src\ComplexPotentialIVPSolver1DImpl.cpp">
      <Filter>源文件</Filter>
    </ClCompile>
    <ClCompile Include="..\..\src\EigenMethod.cpp">
      <Filter>源文件</Filter>
    </ClCompile>
    <ClCompile Include="..\..\src\EvolverImpl.cpp">
      <Filter>源文件</Filter>
    </ClCompile>
    <ClCompile Include="..\..\src\FourierTransform.cpp">
      <Filter>源文件</Filter>
    </ClCompile>
    <ClCompile Include="..\..\src\GaussLegendreMethod1D.cpp">
      <Filter>源文件</Filter>
    </ClCompile>
    <ClCompile Include="..\..\src\GaussLegendreMethod2D.cpp">
      <Filter>源文件</Filter>
    </ClCompile>
    <ClCompile Include="..\..\src\IVPSolverImpl.cpp">
      <Filter>源文件</Filter>
    </ClCompile>
    <ClCompile Include="..\..\src\MatrixSolver.cpp">
      <Filter>源文件</Filter>
    </ClCompile>
    <ClCompile Include="..\..\src\OptionsImpl.cpp">
      <Filter>源文件</Filter>
    </ClCompile>
    <ClCompile Include="..\..\src\Perturbation1DImpl.cpp">
      <Filter>源文件</Filter>
    </ClCompile>
    <ClCompile Include="..\..\src\Perturbation2DImpl.cpp">
      <Filter>源文件</Filter>
    </ClCompile>
    <ClCompile Include="..\..\src\Perturbation3DImpl.cpp">
      <Filter>源文件</Filter>
    </ClCompile>
    <ClCompile Include="..\..\src\PerturbationOptions.cpp">
      <Filter>源文件</Filter>
    </ClCompile>
    <ClCompile Include="..\..\src\QuSim.cpp">
      <Filter>源文件</Filter>
    </ClCompile>
    <ClCompile Include="..\..\src\ScatteringProblemSolverInverseMatrix1D.cpp">
      <Filter>源文件</Filter>
    </ClCompile>
    <ClCompile Include="..\..\src\ScatteringProblemSolverInverseMatrix2D.cpp">
      <Filter>源文件</Filter>
    </ClCompile>
    <ClCompile Include="..\..\src\ScatteringProblemSolverInverseMatrix3D.cpp">
      <Filter>源文件</Filter>
    </ClCompile>
    <ClCompile Include="..\..\src\ScatteringSolverImpl.cpp">
      <Filter>源文件</Filter>
    </ClCompile>
    <ClCompile Include="..\..\src\SolverImpl.cpp">
      <Filter>源文件</Filter>
    </ClCompile>
    <ClCompile Include="..\..\src\SplittingMethod1D.cpp">
      <Filter>源文件</Filter>
    </ClCompile>
    <ClCompile Include="..\..\src\SplittingMethod2D.cpp">
      <Filter>源文件</Filter>
    </ClCompile>
    <ClCompile Include="..\..\src\TestCal.cpp">
      <Filter>源文件</Filter>
    </ClCompile>
  </ItemGroup>
</Project>